
Microsoft Visual Studio Solution File, Format Version 12.00
# Visual Studio Version 16
VisualStudioVersion = 16.0.28803.352
MinimumVisualStudioVersion = 10.0.40219.1
Project("{9A19103F-16F7-4668-BE54-9A1E7A4F7556}") = "Simple.Extensions.String", "Simple.Extensions.String\Simple.Extensions.String.csproj", "{29B7B6E2-4E09-4703-BE37-B9F787279399}"
EndProject
Project("{9A19103F-16F7-4668-BE54-9A1E7A4F7556}") = "Simple.Extensions.Data", "Simple.Extensions.Data\Simple.Extensions.Data.csproj", "{A9FE7819-4D91-4B57-8CA7-3F3E07CEA4B4}"
EndProject
Project("{9A19103F-16F7-4668-BE54-9A1E7A4F7556}") = "Simple.Extensions.Npgsql", "Simple.Extensions.Npgsql\Simple.Extensions.Npgsql.csproj", "{DF5AC186-EFFA-47DE-BE30-DC8668EA3549}"
EndProject
Project("{9A19103F-16F7-4668-BE54-9A1E7A4F7556}") = "Simple.Extensions.Mssql", "Simple.Extensions.Mssql\Simple.Extensions.Mssql.csproj", "{93F67F55-45F1-49E9-9D49-12DE8B2F6748}"
EndProject
Project("{9A19103F-16F7-4668-BE54-9A1E7A4F7556}") = "Simple.Extensions.Web", "Simple.Extensions.Web\Simple.Extensions.Web.csproj", "{29165853-8FE5-4315-9FFE-E47593AD9820}"
EndProject
Project("{9A19103F-16F7-4668-BE54-9A1E7A4F7556}") = "Simple.Extensions.Collection", "Simple.Extensions.Collection\Simple.Extensions.Collection.csproj", "{3A5B8477-B0D1-4AC5-9A7D-C90B8E481868}"
EndProject
Project("{9A19103F-16F7-4668-BE54-9A1E7A4F7556}") = "Simple.Extensions.DynamoDb", "Simple.Extensions.DynamoDb\Simple.Extensions.DynamoDb.csproj", "{282CA0F6-7AFC-48CB-878A-18414E1B5473}"
EndProject
Global
	GlobalSection(SolutionConfigurationPlatforms) = preSolution
		Debug|Any CPU = Debug|Any CPU
		Release|Any CPU = Release|Any CPU
	EndGlobalSection
	GlobalSection(ProjectConfigurationPlatforms) = postSolution
		{29B7B6E2-4E09-4703-BE37-B9F787279399}.Debug|Any CPU.ActiveCfg = Debug|Any CPU
		{29B7B6E2-4E09-4703-BE37-B9F787279399}.Debug|Any CPU.Build.0 = Debug|Any CPU
		{29B7B6E2-4E09-4703-BE37-B9F787279399}.Release|Any CPU.ActiveCfg = Release|Any CPU
		{29B7B6E2-4E09-4703-BE37-B9F787279399}.Release|Any CPU.Build.0 = Release|Any CPU
		{A9FE7819-4D91-4B57-8CA7-3F3E07CEA4B4}.Debug|Any CPU.ActiveCfg = Debug|Any CPU
		{A9FE7819-4D91-4B57-8CA7-3F3E07CEA4B4}.Debug|Any CPU.Build.0 = Debug|Any CPU
		{A9FE7819-4D91-4B57-8CA7-3F3E07CEA4B4}.Release|Any CPU.ActiveCfg = Release|Any CPU
		{A9FE7819-4D91-4B57-8CA7-3F3E07CEA4B4}.Release|Any CPU.Build.0 = Release|Any CPU
		{DF5AC186-EFFA-47DE-BE30-DC8668EA3549}.Debug|Any CPU.ActiveCfg = Debug|Any CPU
		{DF5AC186-EFFA-47DE-BE30-DC8668EA3549}.Debug|Any CPU.Build.0 = Debug|Any CPU
		{DF5AC186-EFFA-47DE-BE30-DC8668EA3549}.Release|Any CPU.ActiveCfg = Release|Any CPU
		{DF5AC186-EFFA-47DE-BE30-DC8668EA3549}.Release|Any CPU.Build.0 = Release|Any CPU
		{93F67F55-45F1-49E9-9D49-12DE8B2F6748}.Debug|Any CPU.ActiveCfg = Debug|Any CPU
		{93F67F55-45F1-49E9-9D49-12DE8B2F6748}.Debug|Any CPU.Build.0 = Debug|Any CPU
		{93F67F55-45F1-49E9-9D49-12DE8B2F6748}.Release|Any CPU.ActiveCfg = Release|Any CPU
		{93F67F55-45F1-49E9-9D49-12DE8B2F6748}.Release|Any CPU.Build.0 = Release|Any CPU
		{29165853-8FE5-4315-9FFE-E47593AD9820}.Debug|Any CPU.ActiveCfg = Debug|Any CPU
		{29165853-8FE5-4315-9FFE-E47593AD9820}.Debug|Any CPU.Build.0 = Debug|Any CPU
		{29165853-8FE5-4315-9FFE-E47593AD9820}.Release|Any CPU.ActiveCfg = Release|Any CPU
		{29165853-8FE5-4315-9FFE-E47593AD9820}.Release|Any CPU.Build.0 = Release|Any CPU
		{3A5B8477-B0D1-4AC5-9A7D-C90B8E481868}.Debug|Any CPU.ActiveCfg = Debug|Any CPU
		{3A5B8477-B0D1-4AC5-9A7D-C90B8E481868}.Debug|Any CPU.Build.0 = Debug|Any CPU
		{3A5B8477-B0D1-4AC5-9A7D-C90B8E481868}.Release|Any CPU.ActiveCfg = Release|Any CPU
		{3A5B8477-B0D1-4AC5-9A7D-C90B8E481868}.Release|Any CPU.Build.0 = Release|Any CPU
		{282CA0F6-7AFC-48CB-878A-18414E1B5473}.Debug|Any CPU.ActiveCfg = Debug|Any CPU
		{282CA0F6-7AFC-48CB-878A-18414E1B5473}.Debug|Any CPU.Build.0 = Debug|Any CPU
		{282CA0F6-7AFC-48CB-878A-18414E1B5473}.Release|Any CPU.ActiveCfg = Release|Any CPU
		{282CA0F6-7AFC-48CB-878A-18414E1B5473}.Release|Any CPU.Build.0 = Release|Any CPU
	EndGlobalSection
	GlobalSection(SolutionProperties) = preSolution
		HideSolutionNode = FALSE
	EndGlobalSection
	GlobalSection(ExtensibilityGlobals) = postSolution
		SolutionGuid = {80F3EF71-5105-4F55-8D22-151B6AF06B39}
	EndGlobalSection
EndGlobal
